
Microsoft Visual Studio Solution File, Format Version 12.00
# Visual Studio Version 16
VisualStudioVersion = 16.0.30804.86
MinimumVisualStudioVersion = 10.0.40219.1
Project("{9A19103F-16F7-4668-BE54-9A1E7A4F7556}") = "Baitap2", "Baitap2\Baitap2.csproj", "{B2311F16-108B-4936-8CBC-14C416C2910C}"
EndProject
Global
	GlobalSection(SolutionConfigurationPlatforms) = preSolution
		Debug|Any CPU = Debug|Any CPU
		Release|Any CPU = Release|Any CPU
	EndGlobalSection
	GlobalSection(ProjectConfigurationPlatforms) = postSolution
		{B2311F16-108B-4936-8CBC-14C416C2910C}.Debug|Any CPU.ActiveCfg = Debug|Any CPU
		{B2311F16-108B-4936-8CBC-14C416C2910C}.Debug|Any CPU.Build.0 = Debug|Any CPU
		{B2311F16-108B-4936-8CBC-14C416C2910C}.Release|Any CPU.ActiveCfg = Release|Any CPU
		{B2311F16-108B-4936-8CBC-14C416C2910C}.Release|Any CPU.Build.0 = Release|Any CPU
	EndGlobalSection
	GlobalSection(SolutionProperties) = preSolution
		HideSolutionNode = FALSE
	EndGlobalSection
	GlobalSection(ExtensibilityGlobals) = postSolution
		SolutionGuid = {01B73F83-25BA-459D-99E1-6B5379D03866}
	EndGlobalSection
EndGlobal
